
Microsoft Visual Studio Solution File, Format Version 12.00
# Visual Studio 2012
Project("{FAE04EC0-301F-11D3-BF4B-00C04F79EFBC}") = "next.template", "next.template.csproj", "{9582BA8B-01EE-4B7D-A2F9-D12EDA22B776}"
EndProject
Global
	GlobalSection(SolutionConfigurationPlatforms) = preSolution
		Debug|Any CPU = Debug|Any CPU
		Release|Any CPU = Release|Any CPU
	EndGlobalSection
	GlobalSection(ProjectConfigurationPlatforms) = postSolution
		{9582BA8B-01EE-4B7D-A2F9-D12EDA22B776}.Debug|Any CPU.ActiveCfg = Debug|Any CPU
		{9582BA8B-01EE-4B7D-A2F9-D12EDA22B776}.Debug|Any CPU.Build.0 = Debug|Any CPU
		{9582BA8B-01EE-4B7D-A2F9-D12EDA22B776}.Release|Any CPU.ActiveCfg = Release|Any CPU
		{9582BA8B-01EE-4B7D-A2F9-D12EDA22B776}.Release|Any CPU.Build.0 = Release|Any CPU
	EndGlobalSection
	GlobalSection(SolutionProperties) = preSolution
		HideSolutionNode = FALSE
	EndGlobalSection
EndGlobal
