
Microsoft Visual Studio Solution File, Format Version 12.00
# Visual Studio 2012
Project("{FAE04EC0-301F-11D3-BF4B-00C04F79EFBC}") = "next.client", "next.client.csproj", "{72B48414-B990-452F-8AB9-9F69D0BC42BE}"
EndProject
Global
	GlobalSection(SolutionConfigurationPlatforms) = preSolution
		Debug|Any CPU = Debug|Any CPU
		Release|Any CPU = Release|Any CPU
	EndGlobalSection
	GlobalSection(ProjectConfigurationPlatforms) = postSolution
		{72B48414-B990-452F-8AB9-9F69D0BC42BE}.Debug|Any CPU.ActiveCfg = Debug|Any CPU
		{72B48414-B990-452F-8AB9-9F69D0BC42BE}.Debug|Any CPU.Build.0 = Debug|Any CPU
		{72B48414-B990-452F-8AB9-9F69D0BC42BE}.Release|Any CPU.ActiveCfg = Release|Any CPU
		{72B48414-B990-452F-8AB9-9F69D0BC42BE}.Release|Any CPU.Build.0 = Release|Any CPU
	EndGlobalSection
	GlobalSection(SolutionProperties) = preSolution
		HideSolutionNode = FALSE
	EndGlobalSection
EndGlobal
